{
  "name": "generate-signature-nodejs",
  "version": "1.0.0",
  "lockfileVersion": 2,
  "requires": true,
  "packages": {
    "": {
      "version": "1.0.0",
      "license": "ISC",
      "dependencies": {
        "jsrsasign": "^10.1.13",
        "jsrsasign-util": "^1.0.4"
      }
    },
    "node_modules/jsonc-parser": {
      "version": "0.0.1",
      "resolved": "https://registry.npmjs.org/jsonc-parser/-/jsonc-parser-0.0.1.tgz",
      "integrity": "sha1-fv9F3o+nIVMVkD60thL9xGUlnKg=",
      "dependencies": {
        "vscode-nls": "^1.0.4"
      }
    },
    "node_modules/jsrsasign": {
      "version": "10.1.13",
      "resolved": "https://registry.npmjs.org/jsrsasign/-/jsrsasign-10.1.13.tgz",
      "integrity": "sha512-EKifn2DocDxU2fWVqTJgFYjZUcL4fTUtfgN5OQP4t4i/WOioios8wq350E1aJFxCLmtdxGNqhLX3O0tdVqJoFg==",
      "funding": {
        "url": "https://github.com/kjur/jsrsasign#donations"
      }
    },
    "node_modules/jsrsasign-util": {
      "version": "1.0.4",
      "resolved": "https://registry.npmjs.org/jsrsasign-util/-/jsrsasign-util-1.0.4.tgz",
      "integrity": "sha512-7jB7BsdU+vaXocA3NHg0CxC98ret9iQTqAWT5zGuEO7mClP1ysEJOKGQZ7LYcY4XM1v79/gSEmXsMWhFP2vRLQ==",
      "dependencies": {
        "jsonc-parser": "^0.0.1",
        "jsrsasign": "^4.8.2"
      }
    },
    "node_modules/jsrsasign-util/node_modules/jsrsasign": {
      "version": "4.9.2",
      "resolved": "https://registry.npmjs.org/jsrsasign/-/jsrsasign-4.9.2.tgz",
      "integrity": "sha1-6qypVHAJgehW+KJ9ouaw6rbfATQ="
    },
    "node_modules/vscode-nls": {
      "version": "1.0.7",
      "resolved": "https://registry.npmjs.org/vscode-nls/-/vscode-nls-1.0.7.tgz",
      "integrity": "sha1-KYwB/Oh4AsZEwKFe9SajPGLA1Y4="
    }
  },
  "dependencies": {
    "jsonc-parser": {
      "version": "0.0.1",
      "resolved": "https://registry.npmjs.org/jsonc-parser/-/jsonc-parser-0.0.1.tgz",
      "integrity": "sha1-fv9F3o+nIVMVkD60thL9xGUlnKg=",
      "requires": {
        "vscode-nls": "^1.0.4"
      }
    },
    "jsrsasign": {
      "version": "10.1.13",
      "resolved": "https://registry.npmjs.org/jsrsasign/-/jsrsasign-10.1.13.tgz",
      "integrity": "sha512-EKifn2DocDxU2fWVqTJgFYjZUcL4fTUtfgN5OQP4t4i/WOioios8wq350E1aJFxCLmtdxGNqhLX3O0tdVqJoFg=="
    },
    "jsrsasign-util": {
      "version": "1.0.4",
      "resolved": "https://registry.npmjs.org/jsrsasign-util/-/jsrsasign-util-1.0.4.tgz",
      "integrity": "sha512-7jB7BsdU+vaXocA3NHg0CxC98ret9iQTqAWT5zGuEO7mClP1ysEJOKGQZ7LYcY4XM1v79/gSEmXsMWhFP2vRLQ==",
      "requires": {
        "jsonc-parser": "^0.0.1",
        "jsrsasign": "^4.8.2"
      },
      "dependencies": {
        "jsrsasign": {
          "version": "4.9.2",
          "resolved": "https://registry.npmjs.org/jsrsasign/-/jsrsasign-4.9.2.tgz",
          "integrity": "sha1-6qypVHAJgehW+KJ9ouaw6rbfATQ="
        }
      }
    },
    "vscode-nls": {
      "version": "1.0.7",
      "resolved": "https://registry.npmjs.org/vscode-nls/-/vscode-nls-1.0.7.tgz",
      "integrity": "sha1-KYwB/Oh4AsZEwKFe9SajPGLA1Y4="
    }
  }
}
